{
  "name": "revivios",
  "version": "1.0.0",
  "lockfileVersion": 2,
  "requires": true,
  "packages": {
    "": {
      "name": "revivios",
      "version": "1.0.0",
      "license": "MIT",
      "devDependencies": {
        "turbo": "^1.2.4"
      }
    },
    "node_modules/turbo": {
      "version": "1.2.4",
      "resolved": "https://registry.npmjs.org/turbo/-/turbo-1.2.4.tgz",
      "integrity": "sha512-3MPu+uvaKvmW5R0JncX8TJRli/5Z5Mz/H260oCfmGlEuVdvdn7Gf6ZefDnYiuDe5ofltq78SL0LTIAqLYbUmiw==",
      "dev": true,
      "hasInstallScript": true,
      "bin": {
        "turbo": "bin/turbo"
      },
      "optionalDependencies": {
        "turbo-darwin-64": "1.2.4",
        "turbo-darwin-arm64": "1.2.4",
        "turbo-freebsd-64": "1.2.4",
        "turbo-freebsd-arm64": "1.2.4",
        "turbo-linux-32": "1.2.4",
        "turbo-linux-64": "1.2.4",
        "turbo-linux-arm": "1.2.4",
        "turbo-linux-arm64": "1.2.4",
        "turbo-linux-mips64le": "1.2.4",
        "turbo-linux-ppc64le": "1.2.4",
        "turbo-windows-32": "1.2.4",
        "turbo-windows-64": "1.2.4"
      }
    },
    "node_modules/turbo-darwin-64": {
      "version": "1.2.4",
      "resolved": "https://registry.npmjs.org/turbo-darwin-64/-/turbo-darwin-64-1.2.4.tgz",
      "integrity": "sha512-fIseb9faJZdrJ2LXJAMZmSI5hV5MbHiRKIEnwt6pqk9+8HcJnsz3Rfo7uSNH07Qo64moXyoDHa0YFj00PH2Aeg==",
      "cpu": [
        "x64"
      ],
      "dev": true,
      "optional": true,
      "os": [
        "darwin"
      ]
    },
    "node_modules/turbo-darwin-arm64": {
      "version": "1.2.4",
      "resolved": "https://registry.npmjs.org/turbo-darwin-arm64/-/turbo-darwin-arm64-1.2.4.tgz",
      "integrity": "sha512-/iAKexDsoXLHeLpM71+MMHDL7x95++M1GSIVkME1MJyUwG0RMfjlciBG99ZCBlya39rJhc0ifSLhZVWUttTmJA==",
      "cpu": [
        "arm64"
      ],
      "dev": true,
      "optional": true,
      "os": [
        "darwin"
      ]
    },
    "node_modules/turbo-freebsd-64": {
      "version": "1.2.4",
      "resolved": "https://registry.npmjs.org/turbo-freebsd-64/-/turbo-freebsd-64-1.2.4.tgz",
      "integrity": "sha512-YULjq/JW8e2ax/McguL+yHmZxGdLXseKVIVWP1f2dhuF9ztAbGTaagdDnQ8atsqDO0gFsb3WiRo4+4X/NAbgvQ==",
      "cpu": [
        "x64"
      ],
      "dev": true,
      "optional": true,
      "os": [
        "freebsd"
      ]
    },
    "node_modules/turbo-freebsd-arm64": {
      "version": "1.2.4",
      "resolved": "https://registry.npmjs.org/turbo-freebsd-arm64/-/turbo-freebsd-arm64-1.2.4.tgz",
      "integrity": "sha512-GCi7soURYBOu7TOEeqAcShKzaOxuN0w60+2BejCKWYe2VtzRvM8ACGTNXRcle/r/9JICiyw3LpxvieJpqdSnOw==",
      "cpu": [
        "arm64"
      ],
      "dev": true,
      "optional": true,
      "os": [
        "freebsd"
      ]
    },
    "node_modules/turbo-linux-32": {
      "version": "1.2.4",
      "resolved": "https://registry.npmjs.org/turbo-linux-32/-/turbo-linux-32-1.2.4.tgz",
      "integrity": "sha512-9+Yyig9JWkDgLT7Y4L9LPH4ik0Tlb3E2ac2fJFI4shMp2ETcV1ehyjDXT/LzLTSkf4mGLsww+WYKtzXJNVThRg==",
      "cpu": [
        "ia32"
      ],
      "dev": true,
      "optional": true,
      "os": [
        "linux"
      ]
    },
    "node_modules/turbo-linux-64": {
      "version": "1.2.4",
      "resolved": "https://registry.npmjs.org/turbo-linux-64/-/turbo-linux-64-1.2.4.tgz",
      "integrity": "sha512-MDnDrfWrtK4BOWh2+a3nrkFacjtEy7sUZnnIhTqUM5FOKD8ISh8VTS3C16hi2BfAjCnZhqIrynbNH/P1YH6j3Q==",
      "cpu": [
        "x64"
      ],
      "dev": true,
      "optional": true,
      "os": [
        "linux"
      ]
    },
    "node_modules/turbo-linux-arm": {
      "version": "1.2.4",
      "resolved": "https://registry.npmjs.org/turbo-linux-arm/-/turbo-linux-arm-1.2.4.tgz",
      "integrity": "sha512-Vx2YIFhNqgz4L3Z7zKauPmhgA4QzEtUsjekN0HeEpkZkhWONbcF2gc2j9LTNzicLbI+RoiKrwJWt9qkydqU6mg==",
      "cpu": [
        "arm"
      ],
      "dev": true,
      "optional": true,
      "os": [
        "linux"
      ]
    },
    "node_modules/turbo-linux-arm64": {
      "version": "1.2.4",
      "resolved": "https://registry.npmjs.org/turbo-linux-arm64/-/turbo-linux-arm64-1.2.4.tgz",
      "integrity": "sha512-gs3mhARtzNBoEQn6S05mefYrmcKtWJexwnDQiQZ8fXIkAE9IqvIWNk7S+MyixQH/11jwUqFPtRsn1yQWbvZDhQ==",
      "cpu": [
        "arm64"
      ],
      "dev": true,
      "optional": true,
      "os": [
        "linux"
      ]
    },
    "node_modules/turbo-linux-mips64le": {
      "version": "1.2.4",
      "resolved": "https://registry.npmjs.org/turbo-linux-mips64le/-/turbo-linux-mips64le-1.2.4.tgz",
      "integrity": "sha512-99k9FbOJBbIjhoUOE4uOioh65kZI0VHZzf3JlhpYo3j9r+KGhu7aYTbbvd7j1qQ9o5vToic5vc3OkOm2LKgvig==",
      "cpu": [
        "mips64el"
      ],
      "dev": true,
      "optional": true,
      "os": [
        "linux"
      ]
    },
    "node_modules/turbo-linux-ppc64le": {
      "version": "1.2.4",
      "resolved": "https://registry.npmjs.org/turbo-linux-ppc64le/-/turbo-linux-ppc64le-1.2.4.tgz",
      "integrity": "sha512-M+/sBWQ4UXVplSt5/pIvIRBT6NfEOVFvcOpbzWNjAhLE0vE/ZYeU07S/HjRZd6PMiodT61UyC7BwDQOa2pDOQg==",
      "cpu": [
        "ppc64"
      ],
      "dev": true,
      "optional": true,
      "os": [
        "linux"
      ]
    },
    "node_modules/turbo-windows-32": {
      "version": "1.2.4",
      "resolved": "https://registry.npmjs.org/turbo-windows-32/-/turbo-windows-32-1.2.4.tgz",
      "integrity": "sha512-Y2R5ZmOHOTgr/pAQAVY39BpRDMRCjyaeLxwIAIkvyNSBpkU/TtnJZXMlt2so42Qv9Jren1mlvxm+g1nb0zAQQg==",
      "cpu": [
        "ia32"
      ],
      "dev": true,
      "optional": true,
      "os": [
        "win32"
      ]
    },
    "node_modules/turbo-windows-64": {
      "version": "1.2.4",
      "resolved": "https://registry.npmjs.org/turbo-windows-64/-/turbo-windows-64-1.2.4.tgz",
      "integrity": "sha512-F8tapVNGeWXdNSFJDybOSNWxmi6xF59oZIP7+c043D/IBvkIGTQG449QD9EdUtSq8pe20zM95VKmW9mUjqHYPQ==",
      "cpu": [
        "x64"
      ],
      "dev": true,
      "optional": true,
      "os": [
        "win32"
      ]
    }
  },
  "dependencies": {
    "turbo": {
      "version": "1.2.4",
      "resolved": "https://registry.npmjs.org/turbo/-/turbo-1.2.4.tgz",
      "integrity": "sha512-3MPu+uvaKvmW5R0JncX8TJRli/5Z5Mz/H260oCfmGlEuVdvdn7Gf6ZefDnYiuDe5ofltq78SL0LTIAqLYbUmiw==",
      "dev": true,
      "requires": {
        "turbo-darwin-64": "1.2.4",
        "turbo-darwin-arm64": "1.2.4",
        "turbo-freebsd-64": "1.2.4",
        "turbo-freebsd-arm64": "1.2.4",
        "turbo-linux-32": "1.2.4",
        "turbo-linux-64": "1.2.4",
        "turbo-linux-arm": "1.2.4",
        "turbo-linux-arm64": "1.2.4",
        "turbo-linux-mips64le": "1.2.4",
        "turbo-linux-ppc64le": "1.2.4",
        "turbo-windows-32": "1.2.4",
        "turbo-windows-64": "1.2.4"
      }
    },
    "turbo-darwin-64": {
      "version": "1.2.4",
      "resolved": "https://registry.npmjs.org/turbo-darwin-64/-/turbo-darwin-64-1.2.4.tgz",
      "integrity": "sha512-fIseb9faJZdrJ2LXJAMZmSI5hV5MbHiRKIEnwt6pqk9+8HcJnsz3Rfo7uSNH07Qo64moXyoDHa0YFj00PH2Aeg==",
      "dev": true,
      "optional": true
    },
    "turbo-darwin-arm64": {
      "version": "1.2.4",
      "resolved": "https://registry.npmjs.org/turbo-darwin-arm64/-/turbo-darwin-arm64-1.2.4.tgz",
      "integrity": "sha512-/iAKexDsoXLHeLpM71+MMHDL7x95++M1GSIVkME1MJyUwG0RMfjlciBG99ZCBlya39rJhc0ifSLhZVWUttTmJA==",
      "dev": true,
      "optional": true
    },
    "turbo-freebsd-64": {
      "version": "1.2.4",
      "resolved": "https://registry.npmjs.org/turbo-freebsd-64/-/turbo-freebsd-64-1.2.4.tgz",
      "integrity": "sha512-YULjq/JW8e2ax/McguL+yHmZxGdLXseKVIVWP1f2dhuF9ztAbGTaagdDnQ8atsqDO0gFsb3WiRo4+4X/NAbgvQ==",
      "dev": true,
      "optional": true
    },
    "turbo-freebsd-arm64": {
      "version": "1.2.4",
      "resolved": "https://registry.npmjs.org/turbo-freebsd-arm64/-/turbo-freebsd-arm64-1.2.4.tgz",
      "integrity": "sha512-GCi7soURYBOu7TOEeqAcShKzaOxuN0w60+2BejCKWYe2VtzRvM8ACGTNXRcle/r/9JICiyw3LpxvieJpqdSnOw==",
      "dev": true,
      "optional": true
    },
    "turbo-linux-32": {
      "version": "1.2.4",
      "resolved": "https://registry.npmjs.org/turbo-linux-32/-/turbo-linux-32-1.2.4.tgz",
      "integrity": "sha512-9+Yyig9JWkDgLT7Y4L9LPH4ik0Tlb3E2ac2fJFI4shMp2ETcV1ehyjDXT/LzLTSkf4mGLsww+WYKtzXJNVThRg==",
      "dev": true,
      "optional": true
    },
    "turbo-linux-64": {
      "version": "1.2.4",
      "resolved": "https://registry.npmjs.org/turbo-linux-64/-/turbo-linux-64-1.2.4.tgz",
      "integrity": "sha512-MDnDrfWrtK4BOWh2+a3nrkFacjtEy7sUZnnIhTqUM5FOKD8ISh8VTS3C16hi2BfAjCnZhqIrynbNH/P1YH6j3Q==",
      "dev": true,
      "optional": true
    },
    "turbo-linux-arm": {
      "version": "1.2.4",
      "resolved": "https://registry.npmjs.org/turbo-linux-arm/-/turbo-linux-arm-1.2.4.tgz",
      "integrity": "sha512-Vx2YIFhNqgz4L3Z7zKauPmhgA4QzEtUsjekN0HeEpkZkhWONbcF2gc2j9LTNzicLbI+RoiKrwJWt9qkydqU6mg==",
      "dev": true,
      "optional": true
    },
    "turbo-linux-arm64": {
      "version": "1.2.4",
      "resolved": "https://registry.npmjs.org/turbo-linux-arm64/-/turbo-linux-arm64-1.2.4.tgz",
      "integrity": "sha512-gs3mhARtzNBoEQn6S05mefYrmcKtWJexwnDQiQZ8fXIkAE9IqvIWNk7S+MyixQH/11jwUqFPtRsn1yQWbvZDhQ==",
      "dev": true,
      "optional": true
    },
    "turbo-linux-mips64le": {
      "version": "1.2.4",
      "resolved": "https://registry.npmjs.org/turbo-linux-mips64le/-/turbo-linux-mips64le-1.2.4.tgz",
      "integrity": "sha512-99k9FbOJBbIjhoUOE4uOioh65kZI0VHZzf3JlhpYo3j9r+KGhu7aYTbbvd7j1qQ9o5vToic5vc3OkOm2LKgvig==",
      "dev": true,
      "optional": true
    },
    "turbo-linux-ppc64le": {
      "version": "1.2.4",
      "resolved": "https://registry.npmjs.org/turbo-linux-ppc64le/-/turbo-linux-ppc64le-1.2.4.tgz",
      "integrity": "sha512-M+/sBWQ4UXVplSt5/pIvIRBT6NfEOVFvcOpbzWNjAhLE0vE/ZYeU07S/HjRZd6PMiodT61UyC7BwDQOa2pDOQg==",
      "dev": true,
      "optional": true
    },
    "turbo-windows-32": {
      "version": "1.2.4",
      "resolved": "https://registry.npmjs.org/turbo-windows-32/-/turbo-windows-32-1.2.4.tgz",
      "integrity": "sha512-Y2R5ZmOHOTgr/pAQAVY39BpRDMRCjyaeLxwIAIkvyNSBpkU/TtnJZXMlt2so42Qv9Jren1mlvxm+g1nb0zAQQg==",
      "dev": true,
      "optional": true
    },
    "turbo-windows-64": {
      "version": "1.2.4",
      "resolved": "https://registry.npmjs.org/turbo-windows-64/-/turbo-windows-64-1.2.4.tgz",
      "integrity": "sha512-F8tapVNGeWXdNSFJDybOSNWxmi6xF59oZIP7+c043D/IBvkIGTQG449QD9EdUtSq8pe20zM95VKmW9mUjqHYPQ==",
      "dev": true,
      "optional": true
    }
  }
}
